{
  "name": "Prehistoric Rift",
  "lockfileVersion": 2,
  "requires": true,
  "packages": {
    "": {
      "dependencies": {
        "@minecraft/server": "^1.0.0-beta.11940b24",
        "@minecraft/server-gametest": "^1.0.0-beta.11940b24",
        "@types/mojang-gametest": "^0.1.6",
        "@types/mojang-minecraft": "^0.1.7"
      }
    },
    "node_modules/@minecraft/server": {
      "version": "1.0.0-beta.11940b24",
      "resolved": "https://registry.npmjs.org/@minecraft/server/-/server-1.0.0-beta.11940b24.tgz",
      "integrity": "sha512-1d5hXQ/g+kWvpoWiQ/IInxTeOxM6RECQ2+l3bR4AmmZ58NRq4pPYevaEvhVs06yKeM/3FmSPVqBu1/Lr6gN1Rg=="
    },
    "node_modules/@minecraft/server-gametest": {
      "version": "1.0.0-beta.11940b24",
      "resolved": "https://registry.npmjs.org/@minecraft/server-gametest/-/server-gametest-1.0.0-beta.11940b24.tgz",
      "integrity": "sha512-TOecKhn3degu829tLYix5jlX2SN2u8xR7zA3YIzjN3WVdvPyrjr/tEKbkztf1gdmYgvm7aBu9gT3riSulz2jBw==",
      "dependencies": {
        "@minecraft/server": "1.0.0-beta.11940b24"
      }
    },
    "node_modules/@types/mojang-gametest": {
      "version": "0.1.6",
      "resolved": "https://registry.npmjs.org/@types/mojang-gametest/-/mojang-gametest-0.1.6.tgz",
      "integrity": "sha512-voKbkQ4vZflFKUld/Gg32AFy1bWhIpSdOrJVtB7ciFZpMmnFWMtbN6Y/ek2DegAWhLk1Q/OS1wICZ7ZJgpnbmg==",
      "dependencies": {
        "@types/mojang-minecraft": "*"
      }
    },
    "node_modules/@types/mojang-minecraft": {
      "version": "0.1.7",
      "resolved": "https://registry.npmjs.org/@types/mojang-minecraft/-/mojang-minecraft-0.1.7.tgz",
      "integrity": "sha512-7YkG0SQYJCaqSm6J2SOHpnVjFJXzrx55Jc9FYUM7u/J7LIxnPhG3BKX85S50YLFYqgTFHW0wlBBx9oLLM0oP6A=="
    }
  },
  "dependencies": {
    "@minecraft/server": {
      "version": "1.0.0-beta.11940b24",
      "resolved": "https://registry.npmjs.org/@minecraft/server/-/server-1.0.0-beta.11940b24.tgz",
      "integrity": "sha512-1d5hXQ/g+kWvpoWiQ/IInxTeOxM6RECQ2+l3bR4AmmZ58NRq4pPYevaEvhVs06yKeM/3FmSPVqBu1/Lr6gN1Rg=="
    },
    "@minecraft/server-gametest": {
      "version": "1.0.0-beta.11940b24",
      "resolved": "https://registry.npmjs.org/@minecraft/server-gametest/-/server-gametest-1.0.0-beta.11940b24.tgz",
      "integrity": "sha512-TOecKhn3degu829tLYix5jlX2SN2u8xR7zA3YIzjN3WVdvPyrjr/tEKbkztf1gdmYgvm7aBu9gT3riSulz2jBw==",
      "requires": {
        "@minecraft/server": "1.0.0-beta.11940b24"
      }
    },
    "@types/mojang-gametest": {
      "version": "0.1.6",
      "resolved": "https://registry.npmjs.org/@types/mojang-gametest/-/mojang-gametest-0.1.6.tgz",
      "integrity": "sha512-voKbkQ4vZflFKUld/Gg32AFy1bWhIpSdOrJVtB7ciFZpMmnFWMtbN6Y/ek2DegAWhLk1Q/OS1wICZ7ZJgpnbmg==",
      "requires": {
        "@types/mojang-minecraft": "*"
      }
    },
    "@types/mojang-minecraft": {
      "version": "0.1.7",
      "resolved": "https://registry.npmjs.org/@types/mojang-minecraft/-/mojang-minecraft-0.1.7.tgz",
      "integrity": "sha512-7YkG0SQYJCaqSm6J2SOHpnVjFJXzrx55Jc9FYUM7u/J7LIxnPhG3BKX85S50YLFYqgTFHW0wlBBx9oLLM0oP6A=="
    }
  }
}
